
Microsoft Visual Studio Solution File, Format Version 12.00
# Visual Studio Version 17
VisualStudioVersion = 17.14.36310.24
MinimumVisualStudioVersion = 10.0.40219.1
Project("{FAE04EC0-301F-11D3-BF4B-00C04F79EFBC}") = "ModuCoda.AppHost", "ModuCoda.AppHost\ModuCoda.AppHost.csproj", "{3A731CE4-A29F-9C86-716D-991998F8C65A}"
EndProject
Project("{FAE04EC0-301F-11D3-BF4B-00C04F79EFBC}") = "ModuCoda", "ModuCoda\ModuCoda.csproj", "{6AAED7D5-B2EC-5422-2D6D-C72C77B010A3}"
EndProject
Global
	GlobalSection(SolutionConfigurationPlatforms) = preSolution
		Debug|Any CPU = Debug|Any CPU
		Release|Any CPU = Release|Any CPU
	EndGlobalSection
	GlobalSection(ProjectConfigurationPlatforms) = postSolution
		{3A731CE4-A29F-9C86-716D-991998F8C65A}.Debug|Any CPU.ActiveCfg = Debug|Any CPU
		{3A731CE4-A29F-9C86-716D-991998F8C65A}.Debug|Any CPU.Build.0 = Debug|Any CPU
		{3A731CE4-A29F-9C86-716D-991998F8C65A}.Release|Any CPU.ActiveCfg = Release|Any CPU
		{3A731CE4-A29F-9C86-716D-991998F8C65A}.Release|Any CPU.Build.0 = Release|Any CPU
		{6AAED7D5-B2EC-5422-2D6D-C72C77B010A3}.Debug|Any CPU.ActiveCfg = Debug|Any CPU
		{6AAED7D5-B2EC-5422-2D6D-C72C77B010A3}.Debug|Any CPU.Build.0 = Debug|Any CPU
		{6AAED7D5-B2EC-5422-2D6D-C72C77B010A3}.Release|Any CPU.ActiveCfg = Release|Any CPU
		{6AAED7D5-B2EC-5422-2D6D-C72C77B010A3}.Release|Any CPU.Build.0 = Release|Any CPU
	EndGlobalSection
	GlobalSection(SolutionProperties) = preSolution
		HideSolutionNode = FALSE
	EndGlobalSection
	GlobalSection(ExtensibilityGlobals) = postSolution
		SolutionGuid = {47827DB1-7B2F-4C4E-8625-F93327BC91EF}
	EndGlobalSection
EndGlobal
